
Microsoft Visual Studio Solution File, Format Version 12.00
# Visual Studio 2013
VisualStudioVersion = 12.0.31101.0
MinimumVisualStudioVersion = 10.0.40219.1
Project("{FAE04EC0-301F-11D3-BF4B-00C04F79EFBC}") = "JCarManager", "JCarManager\JCarManager.csproj", "{73FD6128-2B9E-4938-917F-263D16377E98}"
EndProject
Project("{FAE04EC0-301F-11D3-BF4B-00C04F79EFBC}") = "JCarManager.Entity", "JCarManager.Entity\JCarManager.Entity.csproj", "{8AE9D9AE-FF77-4939-B49A-7EAF04E9CB86}"
EndProject
Project("{FAE04EC0-301F-11D3-BF4B-00C04F79EFBC}") = "JCarManager.DataAccess", "JCarManager.DataAccess\JCarManager.DataAccess.csproj", "{B42F3D4E-CBB2-46B4-A9AD-B4D21E8F5229}"
EndProject
Project("{FAE04EC0-301F-11D3-BF4B-00C04F79EFBC}") = "JCarManager.DataAccess.nHibernate", "JCarManager.DataAccess.nHibernate\JCarManager.DataAccess.nHibernate.csproj", "{55016B70-C77B-4A81-BE18-B6E4F7B79FA5}"
EndProject
Project("{FAE04EC0-301F-11D3-BF4B-00C04F79EFBC}") = "JCarManager.DataAccess.EF", "JCarManager.DataAccess.EF\JCarManager.DataAccess.EF.csproj", "{3E6947D9-2864-4CC7-BB4F-988CBF43FEDB}"
EndProject
Project("{FAE04EC0-301F-11D3-BF4B-00C04F79EFBC}") = "JCarManager.DataAccess.Common", "JCarManager.DataAccess.Common\JCarManager.DataAccess.Common.csproj", "{06BA400F-F3A4-4E8F-B2EE-12CAE565912B}"
EndProject
Project("{FAE04EC0-301F-11D3-BF4B-00C04F79EFBC}") = "JCarManager_NH", "JCarManager_NH\JCarManager_NH.csproj", "{D6E115A5-0F7B-4CEC-83D9-308D31E7FC02}"
EndProject
Project("{00D1A9C2-B5F0-4AF3-8072-F6C62B433612}") = "JCarManager.SSDT.NH", "JCarManager.SSDT.NH\JCarManager.SSDT.NH.sqlproj", "{53ABE21E-4E58-421F-A581-50B523C9D0DD}"
EndProject
Project("{FAE04EC0-301F-11D3-BF4B-00C04F79EFBC}") = "JCarManager.Business", "JCarManager.Business\JCarManager.Business.csproj", "{2DA6DF6F-583B-4F0F-A1F3-0E1EACE5CA9A}"
EndProject
Global
	GlobalSection(SolutionConfigurationPlatforms) = preSolution
		Debug|Any CPU = Debug|Any CPU
		Release|Any CPU = Release|Any CPU
	EndGlobalSection
	GlobalSection(ProjectConfigurationPlatforms) = postSolution
		{73FD6128-2B9E-4938-917F-263D16377E98}.Debug|Any CPU.ActiveCfg = Debug|Any CPU
		{73FD6128-2B9E-4938-917F-263D16377E98}.Debug|Any CPU.Build.0 = Debug|Any CPU
		{73FD6128-2B9E-4938-917F-263D16377E98}.Release|Any CPU.ActiveCfg = Release|Any CPU
		{73FD6128-2B9E-4938-917F-263D16377E98}.Release|Any CPU.Build.0 = Release|Any CPU
		{8AE9D9AE-FF77-4939-B49A-7EAF04E9CB86}.Debug|Any CPU.ActiveCfg = Debug|Any CPU
		{8AE9D9AE-FF77-4939-B49A-7EAF04E9CB86}.Debug|Any CPU.Build.0 = Debug|Any CPU
		{8AE9D9AE-FF77-4939-B49A-7EAF04E9CB86}.Release|Any CPU.ActiveCfg = Release|Any CPU
		{8AE9D9AE-FF77-4939-B49A-7EAF04E9CB86}.Release|Any CPU.Build.0 = Release|Any CPU
		{B42F3D4E-CBB2-46B4-A9AD-B4D21E8F5229}.Debug|Any CPU.ActiveCfg = Debug|Any CPU
		{B42F3D4E-CBB2-46B4-A9AD-B4D21E8F5229}.Debug|Any CPU.Build.0 = Debug|Any CPU
		{B42F3D4E-CBB2-46B4-A9AD-B4D21E8F5229}.Release|Any CPU.ActiveCfg = Release|Any CPU
		{B42F3D4E-CBB2-46B4-A9AD-B4D21E8F5229}.Release|Any CPU.Build.0 = Release|Any CPU
		{55016B70-C77B-4A81-BE18-B6E4F7B79FA5}.Debug|Any CPU.ActiveCfg = Debug|Any CPU
		{55016B70-C77B-4A81-BE18-B6E4F7B79FA5}.Debug|Any CPU.Build.0 = Debug|Any CPU
		{55016B70-C77B-4A81-BE18-B6E4F7B79FA5}.Release|Any CPU.ActiveCfg = Release|Any CPU
		{55016B70-C77B-4A81-BE18-B6E4F7B79FA5}.Release|Any CPU.Build.0 = Release|Any CPU
		{3E6947D9-2864-4CC7-BB4F-988CBF43FEDB}.Debug|Any CPU.ActiveCfg = Debug|Any CPU
		{3E6947D9-2864-4CC7-BB4F-988CBF43FEDB}.Debug|Any CPU.Build.0 = Debug|Any CPU
		{3E6947D9-2864-4CC7-BB4F-988CBF43FEDB}.Release|Any CPU.ActiveCfg = Release|Any CPU
		{3E6947D9-2864-4CC7-BB4F-988CBF43FEDB}.Release|Any CPU.Build.0 = Release|Any CPU
		{06BA400F-F3A4-4E8F-B2EE-12CAE565912B}.Debug|Any CPU.ActiveCfg = Debug|Any CPU
		{06BA400F-F3A4-4E8F-B2EE-12CAE565912B}.Debug|Any CPU.Build.0 = Debug|Any CPU
		{06BA400F-F3A4-4E8F-B2EE-12CAE565912B}.Release|Any CPU.ActiveCfg = Release|Any CPU
		{06BA400F-F3A4-4E8F-B2EE-12CAE565912B}.Release|Any CPU.Build.0 = Release|Any CPU
		{D6E115A5-0F7B-4CEC-83D9-308D31E7FC02}.Debug|Any CPU.ActiveCfg = Debug|Any CPU
		{D6E115A5-0F7B-4CEC-83D9-308D31E7FC02}.Debug|Any CPU.Build.0 = Debug|Any CPU
		{D6E115A5-0F7B-4CEC-83D9-308D31E7FC02}.Release|Any CPU.ActiveCfg = Release|Any CPU
		{D6E115A5-0F7B-4CEC-83D9-308D31E7FC02}.Release|Any CPU.Build.0 = Release|Any CPU
		{53ABE21E-4E58-421F-A581-50B523C9D0DD}.Debug|Any CPU.ActiveCfg = Debug|Any CPU
		{53ABE21E-4E58-421F-A581-50B523C9D0DD}.Debug|Any CPU.Build.0 = Debug|Any CPU
		{53ABE21E-4E58-421F-A581-50B523C9D0DD}.Debug|Any CPU.Deploy.0 = Debug|Any CPU
		{53ABE21E-4E58-421F-A581-50B523C9D0DD}.Release|Any CPU.ActiveCfg = Release|Any CPU
		{53ABE21E-4E58-421F-A581-50B523C9D0DD}.Release|Any CPU.Build.0 = Release|Any CPU
		{53ABE21E-4E58-421F-A581-50B523C9D0DD}.Release|Any CPU.Deploy.0 = Release|Any CPU
		{2DA6DF6F-583B-4F0F-A1F3-0E1EACE5CA9A}.Debug|Any CPU.ActiveCfg = Debug|Any CPU
		{2DA6DF6F-583B-4F0F-A1F3-0E1EACE5CA9A}.Debug|Any CPU.Build.0 = Debug|Any CPU
		{2DA6DF6F-583B-4F0F-A1F3-0E1EACE5CA9A}.Release|Any CPU.ActiveCfg = Release|Any CPU
		{2DA6DF6F-583B-4F0F-A1F3-0E1EACE5CA9A}.Release|Any CPU.Build.0 = Release|Any CPU
	EndGlobalSection
	GlobalSection(SolutionProperties) = preSolution
		HideSolutionNode = FALSE
	EndGlobalSection
EndGlobal
